
Microsoft Visual Studio Solution File, Format Version 12.00
# Visual Studio Version 17
VisualStudioVersion = 17.2.32630.192
MinimumVisualStudioVersion = 10.0.40219.1
Project("{9A19103F-16F7-4668-BE54-9A1E7A4F7556}") = "OdeToFood", "OdeToFood.csproj", "{FC28994C-0FE5-4A35-B369-9FC79298340C}"
EndProject
Project("{FAE04EC0-301F-11D3-BF4B-00C04F79EFBC}") = "OdeToFood.Core", "OdeToFood.Core\OdeToFood.Core.csproj", "{065C81B2-0B7F-415B-9CBA-4E500D3CA961}"
EndProject
Project("{FAE04EC0-301F-11D3-BF4B-00C04F79EFBC}") = "OdeToFood.Data", "OdeToFood.Data\OdeToFood.Data.csproj", "{F8497D5F-6974-4568-90BF-8521B71E8B93}"
EndProject
Global
	GlobalSection(SolutionConfigurationPlatforms) = preSolution
		Debug|Any CPU = Debug|Any CPU
		Release|Any CPU = Release|Any CPU
	EndGlobalSection
	GlobalSection(ProjectConfigurationPlatforms) = postSolution
		{FC28994C-0FE5-4A35-B369-9FC79298340C}.Debug|Any CPU.ActiveCfg = Debug|Any CPU
		{FC28994C-0FE5-4A35-B369-9FC79298340C}.Debug|Any CPU.Build.0 = Debug|Any CPU
		{FC28994C-0FE5-4A35-B369-9FC79298340C}.Release|Any CPU.ActiveCfg = Release|Any CPU
		{FC28994C-0FE5-4A35-B369-9FC79298340C}.Release|Any CPU.Build.0 = Release|Any CPU
		{065C81B2-0B7F-415B-9CBA-4E500D3CA961}.Debug|Any CPU.ActiveCfg = Debug|Any CPU
		{065C81B2-0B7F-415B-9CBA-4E500D3CA961}.Debug|Any CPU.Build.0 = Debug|Any CPU
		{065C81B2-0B7F-415B-9CBA-4E500D3CA961}.Release|Any CPU.ActiveCfg = Release|Any CPU
		{065C81B2-0B7F-415B-9CBA-4E500D3CA961}.Release|Any CPU.Build.0 = Release|Any CPU
		{F8497D5F-6974-4568-90BF-8521B71E8B93}.Debug|Any CPU.ActiveCfg = Debug|Any CPU
		{F8497D5F-6974-4568-90BF-8521B71E8B93}.Debug|Any CPU.Build.0 = Debug|Any CPU
		{F8497D5F-6974-4568-90BF-8521B71E8B93}.Release|Any CPU.ActiveCfg = Release|Any CPU
		{F8497D5F-6974-4568-90BF-8521B71E8B93}.Release|Any CPU.Build.0 = Release|Any CPU
	EndGlobalSection
	GlobalSection(SolutionProperties) = preSolution
		HideSolutionNode = FALSE
	EndGlobalSection
	GlobalSection(ExtensibilityGlobals) = postSolution
		SolutionGuid = {D338ADC5-6920-47CA-934A-D915E26F7534}
	EndGlobalSection
EndGlobal
